// !$*UTF8*$!
{
	archiveVersion = 1;
	classes = {
	};
	objectVersion = 50;
	objects = {

/* Begin PBXBuildFile section */
		21B1DB80255BD30800B05110 /* AppDelegate.swift in Sources */ = {isa = PBXBuildFile; fileRef = 21B1DB7F255BD30800B05110 /* AppDelegate.swift */; };
		21B1DB82255BD30800B05110 /* SceneDelegate.swift in Sources */ = {isa = PBXBuildFile; fileRef = 21B1DB81255BD30800B05110 /* SceneDelegate.swift */; };
		21B1DB84255BD30800B05110 /* ViewController.swift in Sources */ = {isa = PBXBuildFile; fileRef = 21B1DB83255BD30800B05110 /* ViewController.swift */; };
		21B1DB87255BD30800B05110 /* Main.storyboard in Resources */ = {isa = PBXBuildFile; fileRef = 21B1DB85255BD30800B05110 /* Main.storyboard */; };
		21B1DB89255BD30900B05110 /* Assets.xcassets in Resources */ = {isa = PBXBuildFile; fileRef = 21B1DB88255BD30900B05110 /* Assets.xcassets */; };
		21B1DB8C255BD30900B05110 /* LaunchScreen.storyboard in Resources */ = {isa = PBXBuildFile; fileRef = 21B1DB8A255BD30900B05110 /* LaunchScreen.storyboard */; };
		D73997F4933EB618F4CC7D7D /* Pods_gpsPracticeApp.framework in Frameworks */ = {isa = PBXBuildFile; fileRef = 8417983988EBD28BC50B5663 /* Pods_gpsPracticeApp.framework */; };
/* End PBXBuildFile section */

/* Begin PBXFileReference section */
		21B1DB7C255BD30800B05110 /* gpsPracticeApp.app */ = {isa = PBXFileReference; explicitFileType = wrapper.application; includeInIndex = 0; path = gpsPracticeApp.app; sourceTree = BUILT_PRODUCTS_DIR; };
		21B1DB7F255BD30800B05110 /* AppDelegate.swift */ = {isa = PBXFileReference; lastKnownFileType = sourcecode.swift; path = AppDelegate.swift; sourceTree = "<group>"; };
		21B1DB81255BD30800B05110 /* SceneDelegate.swift */ = {isa = PBXFileReference; lastKnownFileType = sourcecode.swift; path = SceneDelegate.swift; sourceTree = "<group>"; };
		21B1DB83255BD30800B05110 /* ViewController.swift */ = {isa = PBXFileReference; lastKnownFileType = sourcecode.swift; path = ViewController.swift; sourceTree = "<group>"; };
		21B1DB86255BD30800B05110 /* Base */ = {isa = PBXFileReference; lastKnownFileType = file.storyboard; name = Base; path = Base.lproj/Main.storyboard; sourceTree = "<group>"; };
		21B1DB88255BD30900B05110 /* Assets.xcassets */ = {isa = PBXFileReference; lastKnownFileType = folder.assetcatalog; path = Assets.xcassets; sourceTree = "<group>"; };
		21B1DB8B255BD30900B05110 /* Base */ = {isa = PBXFileReference; lastKnownFileType = file.storyboard; name = Base; path = Base.lproj/LaunchScreen.storyboard; sourceTree = "<group>"; };
		21B1DB8D255BD30900B05110 /* Info.plist */ = {isa = PBXFileReference; lastKnownFileType = text.plist.xml; path = Info.plist; sourceTree = "<group>"; };
		500F41892175A56A5C82C636 /* Pods-gpsPracticeApp.release.xcconfig */ = {isa = PBXFileReference; includeInIndex = 1; lastKnownFileType = text.xcconfig; name = "Pods-gpsPracticeApp.release.xcconfig"; path = "Pods/Target Support Files/Pods-gpsPracticeApp/Pods-gpsPracticeApp.release.xcconfig"; sourceTree = "<group>"; };
		8417983988EBD28BC50B5663 /* Pods_gpsPracticeApp.framework */ = {isa = PBXFileReference; explicitFileType = wrapper.framework; includeInIndex = 0; path = Pods_gpsPracticeApp.framework; sourceTree = BUILT_PRODUCTS_DIR; };
		D4E44E43D323EA2209D542B3 /* Pods-gpsPracticeApp.debug.xcconfig */ = {isa = PBXFileReference; includeInIndex = 1; lastKnownFileType = text.xcconfig; name = "Pods-gpsPracticeApp.debug.xcconfig"; path = "Pods/Target Support Files/Pods-gpsPracticeApp/Pods-gpsPracticeApp.debug.xcconfig"; sourceTree = "<group>"; };
/* End PBXFileReference section */

/* Begin PBXFrameworksBuildPhase section */
		21B1DB79255BD30800B05110 /* Frameworks */ = {
			isa = PBXFrameworksBuildPhase;
			buildActionMask = 2147483647;
			files = (
				D73997F4933EB618F4CC7D7D /* Pods_gpsPracticeApp.framework in Frameworks */,
			);
			runOnlyForDeploymentPostprocessing = 0;
		};
/* End PBXFrameworksBuildPhase section */

/* Begin PBXGroup section */
		21B1DB73255BD30800B05110 = {
			isa = PBXGroup;
			children = (
				21B1DB7E255BD30800B05110 /* gpsPracticeApp */,
				21B1DB7D255BD30800B05110 /* Products */,
				D308289BDE2AD3BA744AADEE /* Pods */,
				7F95FA08AE9BCEE54E2831A1 /* Frameworks */,
			);
			sourceTree = "<group>";
		};
		21B1DB7D255BD30800B05110 /* Products */ = {
			isa = PBXGroup;
			children = (
				21B1DB7C255BD30800B05110 /* gpsPracticeApp.app */,
			);
			name = Products;
			sourceTree = "<group>";
		};
		21B1DB7E255BD30800B05110 /* gpsPracticeApp */ = {
			isa = PBXGroup;
			children = (
				21B1DB7F255BD30800B05110 /* AppDelegate.swift */,
				21B1DB81255BD30800B05110 /* SceneDelegate.swift */,
				21B1DB83255BD30800B05110 /* ViewController.swift */,
				21B1DB85255BD30800B05110 /* Main.storyboard */,
				21B1DB88255BD30900B05110 /* Assets.xcassets */,
				21B1DB8A255BD30900B05110 /* LaunchScreen.storyboard */,
				21B1DB8D255BD30900B05110 /* Info.plist */,
			);
			path = gpsPracticeApp;
			sourceTree = "<group>";
		};
		7F95FA08AE9BCEE54E2831A1 /* Frameworks */ = {
			isa = PBXGroup;
			children = (
				8417983988EBD28BC50B5663 /* Pods_gpsPracticeApp.framework */,
			);
			name = Frameworks;
			sourceTree = "<group>";
		};
		D308289BDE2AD3BA744AADEE /* Pods */ = {
			isa = PBXGroup;
			children = (
				D4E44E43D323EA2209D542B3 /* Pods-gpsPracticeApp.debug.xcconfig */,
				500F41892175A56A5C82C636 /* Pods-gpsPracticeApp.release.xcconfig */,
			);
			name = Pods;
			sourceTree = "<group>";
		};
/* End PBXGroup section */

/* Begin PBXNativeTarget section */
		21B1DB7B255BD30800B05110 /* gpsPracticeApp */ = {
			isa = PBXNativeTarget;
			buildConfigurationList = 21B1DB90255BD30900B05110 /* Build configuration list for PBXNativeTarget "gpsPracticeApp" */;
			buildPhases = (
				121EA437280C5F5CD04CCC7C /* [CP] Check Pods Manifest.lock */,
				21B1DB78255BD30800B05110 /* Sources */,
				21B1DB79255BD30800B05110 /* Frameworks */,
				21B1DB7A255BD30800B05110 /* Resources */,
				D8F8ACF17520027F2447B9E8 /* [CP] Embed Pods Frameworks */,
			);
			buildRules = (
			);
			dependencies = (
			);
			name = gpsPracticeApp;
			productName = gpsPracticeApp;
			productReference = 21B1DB7C255BD30800B05110 /* gpsPracticeApp.app */;
			productType = "com.apple.product-type.application";
		};
/* End PBXNativeTarget section */

/* Begin PBXProject section */
		21B1DB74255BD30800B05110 /* Project object */ = {
			isa = PBXProject;
			attributes = {
				LastSwiftUpdateCheck = 1130;
				LastUpgradeCheck = 1130;
				ORGANIZATIONNAME = "坂口美月";
				TargetAttributes = {
					21B1DB7B255BD30800B05110 = {
						CreatedOnToolsVersion = 11.3.1;
					};
				};
			};
			buildConfigurationList = 21B1DB77255BD30800B05110 /* Build configuration list for PBXProject "gpsPracticeApp" */;
			compatibilityVersion = "Xcode 9.3";
			developmentRegion = en;
			hasScannedForEncodings = 0;
			knownRegions = (
				en,
				Base,
			);
			mainGroup = 21B1DB73255BD30800B05110;
			productRefGroup = 21B1DB7D255BD30800B05110 /* Products */;
			projectDirPath = "";
			projectRoot = "";
			targets = (
				21B1DB7B255BD30800B05110 /* gpsPracticeApp */,
			);
		};
/* End PBXProject section */

/* Begin PBXResourcesBuildPhase section */
		21B1DB7A255BD30800B05110 /* Resources */ = {
			isa = PBXResourcesBuildPhase;
			buildActionMask = 2147483647;
			files = (
				21B1DB8C255BD30900B05110 /* LaunchScreen.storyboard in Resources */,
				21B1DB89255BD30900B05110 /* Assets.xcassets in Resources */,
				21B1DB87255BD30800B05110 /* Main.storyboard in Resources */,
			);
			runOnlyForDeploymentPostprocessing = 0;
		};
/* End PBXResourcesBuildPhase section */

/* Begin PBXShellScriptBuildPhase section */
		121EA437280C5F5CD04CCC7C /* [CP] Check Pods Manifest.lock */ = {
			isa = PBXShellScriptBuildPhase;
			buildActionMask = 2147483647;
			files = (
			);
			inputFileListPaths = (
			);
			inputPaths = (
				"${PODS_PODFILE_DIR_PATH}/Podfile.lock",
				"${PODS_ROOT}/Manifest.lock",
			);
			name = "[CP] Check Pods Manifest.lock";
			outputFileListPaths = (
			);
			outputPaths = (
				"$(DERIVED_FILE_DIR)/Pods-gpsPracticeApp-checkManifestLockResult.txt",
			);
			runOnlyForDeploymentPostprocessing = 0;
			shellPath = /bin/sh;
			shellScript = "diff \"${PODS_PODFILE_DIR_PATH}/Podfile.lock\" \"${PODS_ROOT}/Manifest.lock\" > /dev/null\nif [ $? != 0 ] ; then\n    # print error to STDERR\n    echo \"error: The sandbox is not in sync with the Podfile.lock. Run 'pod install' or update your CocoaPods installation.\" >&2\n    exit 1\nfi\n# This output is used by Xcode 'outputs' to avoid re-running this script phase.\necho \"SUCCESS\" > \"${SCRIPT_OUTPUT_FILE_0}\"\n";
			showEnvVarsInLog = 0;
		};
		D8F8ACF17520027F2447B9E8 /* [CP] Embed Pods Frameworks */ = {
			isa = PBXShellScriptBuildPhase;
			buildActionMask = 2147483647;
			files = (
			);
			inputFileListPaths = (
			);
			inputPaths = (
				"${SRCROOT}/Pods/Target Support Files/Pods-gpsPracticeApp/Pods-gpsPracticeApp-frameworks.sh",
				"${BUILT_PRODUCTS_DIR}/Realm/Realm.framework",
				"${BUILT_PRODUCTS_DIR}/RealmSwift/RealmSwift.framework",
			);
			name = "[CP] Embed Pods Frameworks";
			outputFileListPaths = (
			);
			outputPaths = (
				"${TARGET_BUILD_DIR}/${FRAMEWORKS_FOLDER_PATH}/Realm.framework",
				"${TARGET_BUILD_DIR}/${FRAMEWORKS_FOLDER_PATH}/RealmSwift.framework",
			);
			runOnlyForDeploymentPostprocessing = 0;
			shellPath = /bin/sh;
			shellScript = "\"${SRCROOT}/Pods/Target Support Files/Pods-gpsPracticeApp/Pods-gpsPracticeApp-frameworks.sh\"\n";
			showEnvVarsInLog = 0;
		};
/* End PBXShellScriptBuildPhase section */

/* Begin PBXSourcesBuildPhase section */
		21B1DB78255BD30800B05110 /* Sources */ = {
			isa = PBXSourcesBuildPhase;
			buildActionMask = 2147483647;
			files = (
				21B1DB84255BD30800B05110 /* ViewController.swift in Sources */,
				21B1DB80255BD30800B05110 /* AppDelegate.swift in Sources */,
				21B1DB82255BD30800B05110 /* SceneDelegate.swift in Sources */,
			);
			runOnlyForDeploymentPostprocessing = 0;
		};
/* End PBXSourcesBuildPhase section */

/* Begin PBXVariantGroup section */
		21B1DB85255BD30800B05110 /* Main.storyboard */ = {
			isa = PBXVariantGroup;
			children = (
				21B1DB86255BD30800B05110 /* Base */,
			);
			name = Main.storyboard;
			sourceTree = "<group>";
		};
		21B1DB8A255BD30900B05110 /* LaunchScreen.storyboard */ = {
			isa = PBXVariantGroup;
			children = (
				21B1DB8B255BD30900B05110 /* Base */,
			);
			name = LaunchScreen.storyboard;
			sourceTree = "<group>";
		};
/* End PBXVariantGroup section */

/* Begin XCBuildConfiguration section */
		21B1DB8E255BD30900B05110 /* Debug */ = {
			isa = XCBuildConfiguration;
			buildSettings = {
				ALWAYS_SEARCH_USER_PATHS = NO;
				CLANG_ANALYZER_NONNULL = YES;
				CLANG_ANALYZER_NUMBER_OBJECT_CONVERSION = YES_AGGRESSIVE;
				CLANG_CXX_LANGUAGE_STANDARD = "gnu++14";
				CLANG_CXX_LIBRARY = "libc++";
				CLANG_ENABLE_MODULES = YES;
				CLANG_ENABLE_OBJC_ARC = YES;
				CLANG_ENABLE_OBJC_WEAK = YES;
				CLANG_WARN_BLOCK_CAPTURE_AUTORELEASING = YES;
				CLANG_WARN_BOOL_CONVERSION = YES;
				CLANG_WARN_COMMA = YES;
				CLANG_WARN_CONSTANT_CONVERSION = YES;
				CLANG_WARN_DEPRECATED_OBJC_IMPLEMENTATIONS = YES;
				CLANG_WARN_DIRECT_OBJC_ISA_USAGE = YES_ERROR;
				CLANG_WARN_DOCUMENTATION_COMMENTS = YES;
				CLANG_WARN_EMPTY_BODY = YES;
				CLANG_WARN_ENUM_CONVERSION = YES;
				CLANG_WARN_INFINITE_RECURSION = YES;
				CLANG_WARN_INT_CONVERSION = YES;
				CLANG_WARN_NON_LITERAL_NULL_CONVERSION = YES;
				CLANG_WARN_OBJC_IMPLICIT_RETAIN_SELF = YES;
				CLANG_WARN_OBJC_LITERAL_CONVERSION = YES;
				CLANG_WARN_OBJC_ROOT_CLASS = YES_ERROR;
				CLANG_WARN_RANGE_LOOP_ANALYSIS = YES;
				CLANG_WARN_STRICT_PROTOTYPES = YES;
				CLANG_WARN_SUSPICIOUS_MOVE = YES;
				CLANG_WARN_UNGUARDED_AVAILABILITY = YES_AGGRESSIVE;
				CLANG_WARN_UNREACHABLE_CODE = YES;
				CLANG_WARN__DUPLICATE_METHOD_MATCH = YES;
				COPY_PHASE_STRIP = NO;
				DEBUG_INFORMATION_FORMAT = dwarf;
				ENABLE_STRICT_OBJC_MSGSEND = YES;
				ENABLE_TESTABILITY = YES;
				GCC_C_LANGUAGE_STANDARD = gnu11;
				GCC_DYNAMIC_NO_PIC = NO;
				GCC_NO_COMMON_BLOCKS = YES;
				GCC_OPTIMIZATION_LEVEL = 0;
				GCC_PREPROCESSOR_DEFINITIONS = (
					"DEBUG=1",
					"$(inherited)",
				);
				GCC_WARN_64_TO_32_BIT_CONVERSION = YES;
				GCC_WARN_ABOUT_RETURN_TYPE = YES_ERROR;
				GCC_WARN_UNDECLARED_SELECTOR = YES;
				GCC_WARN_UNINITIALIZED_AUTOS = YES_AGGRESSIVE;
				GCC_WARN_UNUSED_FUNCTION = YES;
				GCC_WARN_UNUSED_VARIABLE = YES;
				IPHONEOS_DEPLOYMENT_TARGET = 13.2;
				MTL_ENABLE_DEBUG_INFO = INCLUDE_SOURCE;
				MTL_FAST_MATH = YES;
				ONLY_ACTIVE_ARCH = YES;
				SDKROOT = iphoneos;
				SWIFT_ACTIVE_COMPILATION_CONDITIONS = DEBUG;
				SWIFT_OPTIMIZATION_LEVEL = "-Onone";
			};
			name = Debug;
		};
		21B1DB8F255BD30900B05110 /* Release */ = {
			isa = XCBuildConfiguration;
			buildSettings = {
				ALWAYS_SEARCH_USER_PATHS = NO;
				CLANG_ANALYZER_NONNULL = YES;
				CLANG_ANALYZER_NUMBER_OBJECT_CONVERSION = YES_AGGRESSIVE;
				CLANG_CXX_LANGUAGE_STANDARD = "gnu++14";
				CLANG_CXX_LIBRARY = "libc++";
				CLANG_ENABLE_MODULES = YES;
				CLANG_ENABLE_OBJC_ARC = YES;
				CLANG_ENABLE_OBJC_WEAK = YES;
				CLANG_WARN_BLOCK_CAPTURE_AUTORELEASING = YES;
				CLANG_WARN_BOOL_CONVERSION = YES;
				CLANG_WARN_COMMA = YES;
				CLANG_WARN_CONSTANT_CONVERSION = YES;
				CLANG_WARN_DEPRECATED_OBJC_IMPLEMENTATIONS = YES;
				CLANG_WARN_DIRECT_OBJC_ISA_USAGE = YES_ERROR;
				CLANG_WARN_DOCUMENTATION_COMMENTS = YES;
				CLANG_WARN_EMPTY_BODY = YES;
				CLANG_WARN_ENUM_CONVERSION = YES;
				CLANG_WARN_INFINITE_RECURSION = YES;
				CLANG_WARN_INT_CONVERSION = YES;
				CLANG_WARN_NON_LITERAL_NULL_CONVERSION = YES;
				CLANG_WARN_OBJC_IMPLICIT_RETAIN_SELF = YES;
				CLANG_WARN_OBJC_LITERAL_CONVERSION = YES;
				CLANG_WARN_OBJC_ROOT_CLASS = YES_ERROR;
				CLANG_WARN_RANGE_LOOP_ANALYSIS = YES;
				CLANG_WARN_STRICT_PROTOTYPES = YES;
				CLANG_WARN_SUSPICIOUS_MOVE = YES;
				CLANG_WARN_UNGUARDED_AVAILABILITY = YES_AGGRESSIVE;
				CLANG_WARN_UNREACHABLE_CODE = YES;
				CLANG_WARN__DUPLICATE_METHOD_MATCH = YES;
				COPY_PHASE_STRIP = NO;
				DEBUG_INFORMATION_FORMAT = "dwarf-with-dsym";
				ENABLE_NS_ASSERTIONS = NO;
				ENABLE_STRICT_OBJC_MSGSEND = YES;
				GCC_C_LANGUAGE_STANDARD = gnu11;
				GCC_NO_COMMON_BLOCKS = YES;
				GCC_WARN_64_TO_32_BIT_CONVERSION = YES;
				GCC_WARN_ABOUT_RETURN_TYPE = YES_ERROR;
				GCC_WARN_UNDECLARED_SELECTOR = YES;
				GCC_WARN_UNINITIALIZED_AUTOS = YES_AGGRESSIVE;
				GCC_WARN_UNUSED_FUNCTION = YES;
				GCC_WARN_UNUSED_VARIABLE = YES;
				IPHONEOS_DEPLOYMENT_TARGET = 13.2;
				MTL_ENABLE_DEBUG_INFO = NO;
				MTL_FAST_MATH = YES;
				SDKROOT = iphoneos;
				SWIFT_COMPILATION_MODE = wholemodule;
				SWIFT_OPTIMIZATION_LEVEL = "-O";
				VALIDATE_PRODUCT = YES;
			};
			name = Release;
		};
		21B1DB91255BD30900B05110 /* Debug */ = {
			isa = XCBuildConfiguration;
			baseConfigurationReference = D4E44E43D323EA2209D542B3 /* Pods-gpsPracticeApp.debug.xcconfig */;
			buildSettings = {
				ASSETCATALOG_COMPILER_APPICON_NAME = AppIcon;
				CODE_SIGN_STYLE = Automatic;
				INFOPLIST_FILE = gpsPracticeApp/Info.plist;
				IPHONEOS_DEPLOYMENT_TARGET = 13.2;
				LD_RUNPATH_SEARCH_PATHS = (
					"$(inherited)",
					"@executable_path/Frameworks",
				);
				PRODUCT_BUNDLE_IDENTIFIER = jp.co.atrasc..gpsPracticeApp;
				PRODUCT_NAME = "$(TARGET_NAME)";
				SWIFT_VERSION = 5.0;
				TARGETED_DEVICE_FAMILY = 2;
			};
			name = Debug;
		};
		21B1DB92255BD30900B05110 /* Release */ = {
			isa = XCBuildConfiguration;
			baseConfigurationReference = 500F41892175A56A5C82C636 /* Pods-gpsPracticeApp.release.xcconfig */;
			buildSettings = {
				ASSETCATALOG_COMPILER_APPICON_NAME = AppIcon;
				CODE_SIGN_STYLE = Automatic;
				INFOPLIST_FILE = gpsPracticeApp/Info.plist;
				IPHONEOS_DEPLOYMENT_TARGET = 13.2;
				LD_RUNPATH_SEARCH_PATHS = (
					"$(inherited)",
					"@executable_path/Frameworks",
				);
				PRODUCT_BUNDLE_IDENTIFIER = jp.co.atrasc..gpsPracticeApp;
				PRODUCT_NAME = "$(TARGET_NAME)";
				SWIFT_VERSION = 5.0;
				TARGETED_DEVICE_FAMILY = 2;
			};
			name = Release;
		};
/* End XCBuildConfiguration section */

/* Begin XCConfigurationList section */
		21B1DB77255BD30800B05110 /* Build configuration list for PBXProject "gpsPracticeApp" */ = {
			isa = XCConfigurationList;
			buildConfigurations = (
				21B1DB8E255BD30900B05110 /* Debug */,
				21B1DB8F255BD30900B05110 /* Release */,
			);
			defaultConfigurationIsVisible = 0;
			defaultConfigurationName = Release;
		};
		21B1DB90255BD30900B05110 /* Build configuration list for PBXNativeTarget "gpsPracticeApp" */ = {
			isa = XCConfigurationList;
			buildConfigurations = (
				21B1DB91255BD30900B05110 /* Debug */,
				21B1DB92255BD30900B05110 /* Release */,
			);
			defaultConfigurationIsVisible = 0;
			defaultConfigurationName = Release;
		};
/* End XCConfigurationList section */
	};
	rootObject = 21B1DB74255BD30800B05110 /* Project object */;
}
